# This file is autogenerated, do not edit; changes may be undone by the next 'dep ensure'.


[[projects]]
  branch = "master"
  digest = "1:1120f960f5c334f0f94bad29eefaf73d52d226893369693686148f66c1993f15"
  name = "github.com/gin-contrib/sse"
  packages = ["."]
  pruneopts = ""
  revision = "22d885f9ecc78bf4ee5d72b937e4bbcdc58e8cae"

[[projects]]
  digest = "1:348ceb76f2ac958e541e4ba3190484b68df28c38ac9720ed4ef8d36af69ce52e"
  name = "github.com/gin-gonic/gin"
  packages = [
    "binding",
    "render",
  ]
  pruneopts = ""
  revision = "d459835d2b077e44f7c9b453505ee29881d5d12d"
  version = "v1.2"

[[projects]]
  branch = "master"
  digest = "1:54859951ba785c9f5c7a0e665a9fe9fb6b1afeef112c62eaad77081d3d5916cc"
  name = "github.com/golang/protobuf"
  packages = ["proto"]
  pruneopts = ""
  revision = "1643683e1b54a9e88ad26d98f81400c8c9d9f4f9"

[[projects]]
  branch = "master"
  digest = "1:aa4dedc371a6faf6a3324d5c40ba6f6caa1f6ad7683c794e5aa22cbe000b589b"
  name = "github.com/jmoiron/sqlx"
  packages = [
    ".",
    "reflectx",
  ]
  pruneopts = ""
  revision = "3379e5993990b1f927fc8db926485e6f6becf2d2"

[[projects]]
  branch = "master"
  digest = "1:6ee26ff9957a577db5a234b4f051e56256e330606859b611b0b454b4783e47ae"
  name = "github.com/joeshaw/envdecode"
  packages = ["."]
  pruneopts = ""
  revision = "6326cbed175e32cd5183be1cc1027e0823c91edb"

[[projects]]
  branch = "master"
  digest = "1:7f8b4b739e013e693e366f0f444759c95ef2f5c9fae9a1062f52f9ef1377ef20"
  name = "github.com/lib/pq"
  packages = [
    ".",
    "oid",
  ]
  pruneopts = ""
  revision = "456514e2defec52e0cd37f90ccf17ec8b28295e2"

[[projects]]
  digest = "1:78229b46ddb7434f881390029bd1af7661294af31f6802e0e1bedaad4ab0af3c"
  name = "github.com/mattn/go-isatty"
  packages = ["."]
  pruneopts = ""
  revision = "0360b2af4f38e8d38c7fce2a9f4e702702d73a39"
  version = "v0.0.3"

[[projects]]
  digest = "1:6b55df4b0517a459af9d3879c99330af4367adcf45f3d0d37ded80a6272ae057"
  name = "github.com/satori/go.uuid"
  packages = ["."]
  pruneopts = ""
  revision = "879c5887cd475cd7864858769793b2ceb0d44feb"
  version = "v1.1.0"

[[projects]]
  digest = "1:8cf46b6c18a91068d446e26b67512cf16f1540b45d90b28b9533706a127f0ca6"
  name = "github.com/sirupsen/logrus"
  packages = ["."]
  pruneopts = ""
  revision = "c155da19408a8799da419ed3eeb0cb5db0ad5dbc"
  version = "v1.0.5"

[[projects]]
  branch = "master"
  digest = "1:2367df590107e0f6c54a9bff57c0cd16c2451892db5cffc233b35dfd30608524"
  name = "github.com/ugorji/go"
  packages = ["codec"]
  pruneopts = ""
  revision = "bdcc60b419d136a85cdf2e7cbcac34b3f1cd6e57"

[[projects]]
  branch = "master"
  digest = "1:5cdc5af567e853ec339e25b1b83ef562e80626d0eeb198dd8b321446ab78365e"
  name = "github.com/unrolled/secure"
  packages = ["."]
  pruneopts = ""
  revision = "19a872c81779b0456e9ee495a8162fb60c57b0c0"

[[projects]]
  branch = "master"
  digest = "1:9171fe485c166e2d78471fabe2fb3497290552201127058205c3132edd71f7eb"
  name = "golang.org/x/crypto"
  packages = ["ssh/terminal"]
  pruneopts = ""
  revision = "edd5e9b0879d13ee6970a50153d85b8fec9f7686"

[[projects]]
  branch = "master"
  digest = "1:592c05f04f63351794bf9ed84492a1057285bd82d0c1eb1972cc200345f00d95"
  name = "golang.org/x/sys"
  packages = [
    "unix",
    "windows",
  ]
  pruneopts = ""
  revision = "8dbc5d05d6edcc104950cc299a1ce6641235bc86"

[[projects]]
  digest = "1:348ceb76f2ac958e541e4ba3190484b68df28c38ac9720ed4ef8d36af69ce52e"
  name = "gopkg.in/gin-gonic/gin.v1"
  packages = ["."]
  pruneopts = ""
  revision = "d459835d2b077e44f7c9b453505ee29881d5d12d"
  version = "v1.2"

[[projects]]
  digest = "1:dd549e360e5a8f982a28c2bcbe667307ceffe538ed9afc7c965524f1ac285b3f"
  name = "gopkg.in/go-playground/validator.v8"
  packages = ["."]
  pruneopts = ""
  revision = "5f1438d3fca68893a817e4a66806cea46a9e4ebf"
  version = "v8.18.2"

[[projects]]
  branch = "v2"
  digest = "1:81314a486195626940617e43740b4fa073f265b0715c9f54ce2027fee1cb5f61"
  name = "gopkg.in/yaml.v2"
  packages = ["."]
  pruneopts = ""
  revision = "eb3733d160e74a9c7e442f435eb3bea458e1d19f"

[solve-meta]
  analyzer-name = "dep"
  analyzer-version = 1
  input-imports = [
    "github.com/jmoiron/sqlx",
    "github.com/joeshaw/envdecode",
    "github.com/lib/pq",
    "github.com/satori/go.uuid",
    "github.com/sirupsen/logrus",
    "github.com/unrolled/secure",
    "gopkg.in/gin-gonic/gin.v1",
  ]
  solver-name = "gps-cdcl"
  solver-version = 1
